{
  "originHash" : "54df447a847d35a29bccc178b95016621c8c76c0d197c75863d1e71faf9a0119",
  "pins" : [
    {
      "identity" : "figmaapi",
      "kind" : "remoteSourceControl",
      "location" : "https://github.com/Py-Swift/FigmaApi.git",
      "state" : {
        "branch" : "master",
        "revision" : "1fc8e40bafa0740b6f6b7b776fc826babdac38be"
      }
    },
    {
      "identity" : "pyswiftast",
      "kind" : "remoteSourceControl",
      "location" : "https://github.com/Py-Swift/PySwiftAST.git",
      "state" : {
        "branch" : "master",
        "revision" : "c757b0d9e7975b59d3c670fea8a99b043e2cb4ba"
      }
    },
    {
      "identity" : "swiftykvlang",
      "kind" : "remoteSourceControl",
      "location" : "https://github.com/Py-Swift/SwiftyKvLang",
      "state" : {
        "branch" : "master",
        "revision" : "6c462bbddc8e862103f4db1991684d28756e5e48"
      }
    }
  ],
  "version" : 3
}
