{
  "originHash" : "dd0b794672d940f637c561b7869fe5610236dba066f63ad885c23ba94fb92a06",
  "pins" : [
    {
      "identity" : "pyswiftast",
      "kind" : "remoteSourceControl",
      "location" : "https://github.com/Py-Swift/PySwiftAST.git",
      "state" : {
        "branch" : "master",
        "revision" : "ce91b58f89c8211329b6f4288c82e412779f40a7"
      }
    },
    {
      "identity" : "swift-algorithms",
      "kind" : "remoteSourceControl",
      "location" : "https://github.com/apple/swift-algorithms",
      "state" : {
        "revision" : "87e50f483c54e6efd60e885f7f5aa946cee68023",
        "version" : "1.2.1"
      }
    },
    {
      "identity" : "swift-numerics",
      "kind" : "remoteSourceControl",
      "location" : "https://github.com/apple/swift-numerics.git",
      "state" : {
        "revision" : "0c0290ff6b24942dadb83a929ffaaa1481df04a2",
        "version" : "1.1.1"
      }
    },
    {
      "identity" : "swiftykvlang",
      "kind" : "remoteSourceControl",
      "location" : "https://github.com/Py-Swift/SwiftyKvLang",
      "state" : {
        "branch" : "master",
        "revision" : "6c462bbddc8e862103f4db1991684d28756e5e48"
      }
    }
  ],
  "version" : 3
}
